
Microsoft Visual Studio Solution File, Format Version 12.00
# Visual Studio Version 16
VisualStudioVersion = 16.0.31424.327
MinimumVisualStudioVersion = 10.0.40219.1
Project("{FAE04EC0-301F-11D3-BF4B-00C04F79EFBC}") = "Gallery for Windows by GrandMasterGuardian", "Gallery for Windows by GrandMasterGuardian\Gallery for Windows by GrandMasterGuardian.csproj", "{2CC17925-41C4-4D5C-8F85-0D167F80F3A7}"
EndProject
Project("{FAE04EC0-301F-11D3-BF4B-00C04F79EFBC}") = "ClassLibrary1", "ClassLibrary1\ClassLibrary1.csproj", "{79C7AC4B-551C-411B-ACE9-5A751EE737C5}"
EndProject
Global
	GlobalSection(SolutionConfigurationPlatforms) = preSolution
		Debug|Any CPU = Debug|Any CPU
		Release|Any CPU = Release|Any CPU
	EndGlobalSection
	GlobalSection(ProjectConfigurationPlatforms) = postSolution
		{2CC17925-41C4-4D5C-8F85-0D167F80F3A7}.Debug|Any CPU.ActiveCfg = Debug|Any CPU
		{2CC17925-41C4-4D5C-8F85-0D167F80F3A7}.Debug|Any CPU.Build.0 = Debug|Any CPU
		{2CC17925-41C4-4D5C-8F85-0D167F80F3A7}.Release|Any CPU.ActiveCfg = Release|Any CPU
		{2CC17925-41C4-4D5C-8F85-0D167F80F3A7}.Release|Any CPU.Build.0 = Release|Any CPU
		{79C7AC4B-551C-411B-ACE9-5A751EE737C5}.Debug|Any CPU.ActiveCfg = Debug|Any CPU
		{79C7AC4B-551C-411B-ACE9-5A751EE737C5}.Debug|Any CPU.Build.0 = Debug|Any CPU
		{79C7AC4B-551C-411B-ACE9-5A751EE737C5}.Release|Any CPU.ActiveCfg = Release|Any CPU
		{79C7AC4B-551C-411B-ACE9-5A751EE737C5}.Release|Any CPU.Build.0 = Release|Any CPU
	EndGlobalSection
	GlobalSection(SolutionProperties) = preSolution
		HideSolutionNode = FALSE
	EndGlobalSection
	GlobalSection(ExtensibilityGlobals) = postSolution
		SolutionGuid = {98F31601-6164-4EB8-ACCC-B73BBD52D9EC}
	EndGlobalSection
EndGlobal
